
Microsoft Visual Studio Solution File, Format Version 12.00
# Visual Studio Version 16
VisualStudioVersion = 16.0.31911.196
MinimumVisualStudioVersion = 10.0.40219.1
Project("{FAE04EC0-301F-11D3-BF4B-00C04F79EFBC}") = "Electricity_Bill_Management_System", "Electricity_Bill_Management_System\Electricity_Bill_Management_System.csproj", "{5CC08BFE-FAF6-4666-B9C6-37FCF2D06643}"
EndProject
Global
	GlobalSection(SolutionConfigurationPlatforms) = preSolution
		Debug|Any CPU = Debug|Any CPU
		Release|Any CPU = Release|Any CPU
	EndGlobalSection
	GlobalSection(ProjectConfigurationPlatforms) = postSolution
		{5CC08BFE-FAF6-4666-B9C6-37FCF2D06643}.Debug|Any CPU.ActiveCfg = Debug|Any CPU
		{5CC08BFE-FAF6-4666-B9C6-37FCF2D06643}.Debug|Any CPU.Build.0 = Debug|Any CPU
		{5CC08BFE-FAF6-4666-B9C6-37FCF2D06643}.Release|Any CPU.ActiveCfg = Release|Any CPU
		{5CC08BFE-FAF6-4666-B9C6-37FCF2D06643}.Release|Any CPU.Build.0 = Release|Any CPU
	EndGlobalSection
	GlobalSection(SolutionProperties) = preSolution
		HideSolutionNode = FALSE
	EndGlobalSection
	GlobalSection(ExtensibilityGlobals) = postSolution
		SolutionGuid = {C40F5E02-DDD9-41B8-B4BE-60585D8999AE}
	EndGlobalSection
EndGlobal
